// !$*UTF8*$!
{
	archiveVersion = 1;
	classes = {
	};
	objectVersion = 46;
	objects = {

/* Begin PBXBuildFile section */
		C4A4BD7819366729006E4C2E /* STSGameOverScene.m in Sources */ = {isa = PBXBuildFile; fileRef = C4A4BD7719366729006E4C2E /* STSGameOverScene.m */; };
		C4BE5AAE19392693007B7D28 /* STSEndlessGameScene.m in Sources */ = {isa = PBXBuildFile; fileRef = C4BE5AAD19392693007B7D28 /* STSEndlessGameScene.m */; };
		C4BE5ACC19392D0C007B7D28 /* Beep.caf in Resources */ = {isa = PBXBuildFile; fileRef = C4BE5AC919392D0C007B7D28 /* Beep.caf */; };
		C4BE5ACD19392D0C007B7D28 /* herobeep.caf in Resources */ = {isa = PBXBuildFile; fileRef = C4BE5ACA19392D0C007B7D28 /* herobeep.caf */; };
		C4BE5ACE19392D0C007B7D28 /* welcome.caf in Resources */ = {isa = PBXBuildFile; fileRef = C4BE5ACB19392D0C007B7D28 /* welcome.caf */; };
		C4BE5AD119392FA7007B7D28 /* STSOptionsScene.m in Sources */ = {isa = PBXBuildFile; fileRef = C4BE5AD019392FA7007B7D28 /* STSOptionsScene.m */; };
		D1B1B2AD193C358D00F43BE5 /* STSInformationScene.m in Sources */ = {isa = PBXBuildFile; fileRef = D1B1B2AC193C358D00F43BE5 /* STSInformationScene.m */; };
		D1B88B4C193D8B2900361365 /* STSHeroRotationScene.m in Sources */ = {isa = PBXBuildFile; fileRef = D1B88B4B193D8B2900361365 /* STSHeroRotationScene.m */; };
		D1B88B4F193D8B6E00361365 /* STSTransitionToShieldScene.m in Sources */ = {isa = PBXBuildFile; fileRef = D1B88B4E193D8B6E00361365 /* STSTransitionToShieldScene.m */; };
		D1B88B52193D8B8500361365 /* STSObtainShieldScene.m in Sources */ = {isa = PBXBuildFile; fileRef = D1B88B51193D8B8500361365 /* STSObtainShieldScene.m */; };
		D1B88B55193D8BD300361365 /* STSTransitionToEndlessGameScene.m in Sources */ = {isa = PBXBuildFile; fileRef = D1B88B54193D8BD300361365 /* STSTransitionToEndlessGameScene.m */; };
		D1EA2C5B1939406600175FA6 /* Pause_Button@2x.png in Resources */ = {isa = PBXBuildFile; fileRef = D1EA2C5A1939406600175FA6 /* Pause_Button@2x.png */; };
		D1FFABF71937265F004A2485 /* Play_Button@2x.png in Resources */ = {isa = PBXBuildFile; fileRef = D1FFABF51937265F004A2485 /* Play_Button@2x.png */; };
		EBA1C0FA193B9D5900BA1572 /* Ozone_Title@2x.png in Resources */ = {isa = PBXBuildFile; fileRef = EBA1C0F9193B9D5900BA1572 /* Ozone_Title@2x.png */; };
		EBA1C0FD193BB1D400BA1572 /* Ozone_Title_Hero_Shadow@2x.png in Resources */ = {isa = PBXBuildFile; fileRef = EBA1C0FB193BB1D400BA1572 /* Ozone_Title_Hero_Shadow@2x.png */; };
		EBA1C100193BB20D00BA1572 /* Ozone_Title_Hero@2x.png in Resources */ = {isa = PBXBuildFile; fileRef = EBA1C0FF193BB20D00BA1572 /* Ozone_Title_Hero@2x.png */; };
		EBA1C103193C0F0000BA1572 /* Company_Info@2x.png in Resources */ = {isa = PBXBuildFile; fileRef = EBA1C101193C0F0000BA1572 /* Company_Info@2x.png */; };
		EBA1C104193C0F0000BA1572 /* Options_Button@2x.png in Resources */ = {isa = PBXBuildFile; fileRef = EBA1C102193C0F0000BA1572 /* Options_Button@2x.png */; };
		EBA1C106193C114700BA1572 /* Ozone_Layer@2x.png in Resources */ = {isa = PBXBuildFile; fileRef = EBA1C105193C114700BA1572 /* Ozone_Layer@2x.png */; };
		EBBCEDE71935B6A600F257D2 /* Foundation.framework in Frameworks */ = {isa = PBXBuildFile; fileRef = EBBCEDE61935B6A600F257D2 /* Foundation.framework */; };
		EBBCEDE91935B6A600F257D2 /* CoreGraphics.framework in Frameworks */ = {isa = PBXBuildFile; fileRef = EBBCEDE81935B6A600F257D2 /* CoreGraphics.framework */; };
		EBBCEDEB1935B6A600F257D2 /* UIKit.framework in Frameworks */ = {isa = PBXBuildFile; fileRef = EBBCEDEA1935B6A600F257D2 /* UIKit.framework */; };
		EBBCEDED1935B6A600F257D2 /* SpriteKit.framework in Frameworks */ = {isa = PBXBuildFile; fileRef = EBBCEDEC1935B6A600F257D2 /* SpriteKit.framework */; };
		EBBCEDF31935B6A600F257D2 /* InfoPlist.strings in Resources */ = {isa = PBXBuildFile; fileRef = EBBCEDF11935B6A600F257D2 /* InfoPlist.strings */; };
		EBBCEDF51935B6A600F257D2 /* main.m in Sources */ = {isa = PBXBuildFile; fileRef = EBBCEDF41935B6A600F257D2 /* main.m */; };
		EBBCEDF91935B6A600F257D2 /* STSAppDelegate.m in Sources */ = {isa = PBXBuildFile; fileRef = EBBCEDF81935B6A600F257D2 /* STSAppDelegate.m */; };
		EBBCEDFC1935B6A600F257D2 /* Main.storyboard in Resources */ = {isa = PBXBuildFile; fileRef = EBBCEDFA1935B6A600F257D2 /* Main.storyboard */; };
		EBBCEDFF1935B6A600F257D2 /* STSViewController.m in Sources */ = {isa = PBXBuildFile; fileRef = EBBCEDFE1935B6A600F257D2 /* STSViewController.m */; };
		EBBCEE061935B6A600F257D2 /* Images.xcassets in Resources */ = {isa = PBXBuildFile; fileRef = EBBCEE051935B6A600F257D2 /* Images.xcassets */; };
		EBBCEE0D1935B6A600F257D2 /* XCTest.framework in Frameworks */ = {isa = PBXBuildFile; fileRef = EBBCEE0C1935B6A600F257D2 /* XCTest.framework */; };
		EBBCEE0E1935B6A600F257D2 /* Foundation.framework in Frameworks */ = {isa = PBXBuildFile; fileRef = EBBCEDE61935B6A600F257D2 /* Foundation.framework */; };
		EBBCEE0F1935B6A600F257D2 /* UIKit.framework in Frameworks */ = {isa = PBXBuildFile; fileRef = EBBCEDEA1935B6A600F257D2 /* UIKit.framework */; };
		EBBCEE171935B6A600F257D2 /* InfoPlist.strings in Resources */ = {isa = PBXBuildFile; fileRef = EBBCEE151935B6A600F257D2 /* InfoPlist.strings */; };
		EBBCEE191935B6A700F257D2 /* CircleSecondIterationTests.m in Sources */ = {isa = PBXBuildFile; fileRef = EBBCEE181935B6A700F257D2 /* CircleSecondIterationTests.m */; };
		EBBCEE251935BA4400F257D2 /* STSWelcomeScene.m in Sources */ = {isa = PBXBuildFile; fileRef = EBBCEE241935BA4400F257D2 /* STSWelcomeScene.m */; };
		EBBCEE2C1935BA7900F257D2 /* STSCharacter.m in Sources */ = {isa = PBXBuildFile; fileRef = EBBCEE2B1935BA7900F257D2 /* STSCharacter.m */; };
		EBBCEE2F1935BA8700F257D2 /* STSHero.m in Sources */ = {isa = PBXBuildFile; fileRef = EBBCEE2E1935BA8700F257D2 /* STSHero.m */; };
		EBBCEE321935BAA200F257D2 /* STSVillain.m in Sources */ = {isa = PBXBuildFile; fileRef = EBBCEE311935BAA200F257D2 /* STSVillain.m */; };
		EBBCEE351935BAAE00F257D2 /* STSShield.m in Sources */ = {isa = PBXBuildFile; fileRef = EBBCEE341935BAAE00F257D2 /* STSShield.m */; };
		EBBCEE3F1935C12F00F257D2 /* Shield_Default.atlas in Resources */ = {isa = PBXBuildFile; fileRef = EBBCEE3B1935C12F00F257D2 /* Shield_Default.atlas */; };
		EBBCEE401935C12F00F257D2 /* Villain_Default.atlas in Resources */ = {isa = PBXBuildFile; fileRef = EBBCEE3D1935C12F00F257D2 /* Villain_Default.atlas */; };
		EBC643F6193C7980005F57D5 /* STSPauseScene.m in Sources */ = {isa = PBXBuildFile; fileRef = EBC643F5193C7980005F57D5 /* STSPauseScene.m */; };
		EBC643FB193D0A56005F57D5 /* Menu@2x.png in Resources */ = {isa = PBXBuildFile; fileRef = EBC643F8193D0A56005F57D5 /* Menu@2x.png */; };
		EBC643FC193D0A56005F57D5 /* Resume@2x.png in Resources */ = {isa = PBXBuildFile; fileRef = EBC643F9193D0A56005F57D5 /* Resume@2x.png */; };
		EBC643FD193D0A56005F57D5 /* Settings@2x.png in Resources */ = {isa = PBXBuildFile; fileRef = EBC643FA193D0A56005F57D5 /* Settings@2x.png */; };
		EBC64406193D31A5005F57D5 /* Credits@2x.png in Resources */ = {isa = PBXBuildFile; fileRef = EBC64400193D31A5005F57D5 /* Credits@2x.png */; };
		EBC64407193D31A5005F57D5 /* Divider@2x.png in Resources */ = {isa = PBXBuildFile; fileRef = EBC64401193D31A5005F57D5 /* Divider@2x.png */; };
		EBC64408193D31A5005F57D5 /* Music@2x.png in Resources */ = {isa = PBXBuildFile; fileRef = EBC64402193D31A5005F57D5 /* Music@2x.png */; };
		EBC64409193D31A5005F57D5 /* Nickname@2x.png in Resources */ = {isa = PBXBuildFile; fileRef = EBC64403193D31A5005F57D5 /* Nickname@2x.png */; };
		EBC6440A193D31A5005F57D5 /* Settings_Title@2x.png in Resources */ = {isa = PBXBuildFile; fileRef = EBC64404193D31A5005F57D5 /* Settings_Title@2x.png */; };
		EBC6440C193D3EA1005F57D5 /* Save_Button@2x.png in Resources */ = {isa = PBXBuildFile; fileRef = EBC6440B193D3EA1005F57D5 /* Save_Button@2x.png */; };
		EBC6440E193D4699005F57D5 /* Retry_Button@2x.png in Resources */ = {isa = PBXBuildFile; fileRef = EBC6440D193D4699005F57D5 /* Retry_Button@2x.png */; };
		EBC64410193D7306005F57D5 /* Hero_Default.atlas in Resources */ = {isa = PBXBuildFile; fileRef = EBC6440F193D7306005F57D5 /* Hero_Default.atlas */; };
		EBC64416193EA295005F57D5 /* GameOverSymbols.atlas in Resources */ = {isa = PBXBuildFile; fileRef = EBC64415193EA295005F57D5 /* GameOverSymbols.atlas */; };
		EBC64419193EA66B005F57D5 /* Crashlytics.framework in Frameworks */ = {isa = PBXBuildFile; fileRef = EBC64418193EA66B005F57D5 /* Crashlytics.framework */; };
/* End PBXBuildFile section */

/* Begin PBXContainerItemProxy section */
		EBBCEE101935B6A600F257D2 /* PBXContainerItemProxy */ = {
			isa = PBXContainerItemProxy;
			containerPortal = EBBCEDDB1935B6A600F257D2 /* Project object */;
			proxyType = 1;
			remoteGlobalIDString = EBBCEDE21935B6A600F257D2;
			remoteInfo = CircleSecondIteration;
		};
/* End PBXContainerItemProxy section */

/* Begin PBXFileReference section */
		C4A4BD7619366729006E4C2E /* STSGameOverScene.h */ = {isa = PBXFileReference; fileEncoding = 4; lastKnownFileType = sourcecode.c.h; path = STSGameOverScene.h; sourceTree = "<group>"; };
		C4A4BD7719366729006E4C2E /* STSGameOverScene.m */ = {isa = PBXFileReference; fileEncoding = 4; lastKnownFileType = sourcecode.c.objc; path = STSGameOverScene.m; sourceTree = "<group>"; };
		C4BE5AAD19392693007B7D28 /* STSEndlessGameScene.m */ = {isa = PBXFileReference; fileEncoding = 4; lastKnownFileType = sourcecode.c.objc; path = STSEndlessGameScene.m; sourceTree = "<group>"; };
		C4BE5AC919392D0C007B7D28 /* Beep.caf */ = {isa = PBXFileReference; lastKnownFileType = file; path = Beep.caf; sourceTree = "<group>"; };
		C4BE5ACA19392D0C007B7D28 /* herobeep.caf */ = {isa = PBXFileReference; lastKnownFileType = file; path = herobeep.caf; sourceTree = "<group>"; };
		C4BE5ACB19392D0C007B7D28 /* welcome.caf */ = {isa = PBXFileReference; lastKnownFileType = file; path = welcome.caf; sourceTree = "<group>"; };
		C4BE5ACF19392FA7007B7D28 /* STSOptionsScene.h */ = {isa = PBXFileReference; fileEncoding = 4; lastKnownFileType = sourcecode.c.h; path = STSOptionsScene.h; sourceTree = "<group>"; };
		C4BE5AD019392FA7007B7D28 /* STSOptionsScene.m */ = {isa = PBXFileReference; fileEncoding = 4; lastKnownFileType = sourcecode.c.objc; path = STSOptionsScene.m; sourceTree = "<group>"; };
		D1B1B2AB193C358D00F43BE5 /* STSInformationScene.h */ = {isa = PBXFileReference; fileEncoding = 4; lastKnownFileType = sourcecode.c.h; path = STSInformationScene.h; sourceTree = "<group>"; };
		D1B1B2AC193C358D00F43BE5 /* STSInformationScene.m */ = {isa = PBXFileReference; fileEncoding = 4; lastKnownFileType = sourcecode.c.objc; path = STSInformationScene.m; sourceTree = "<group>"; };
		D1B88B4A193D8B2900361365 /* STSHeroRotationScene.h */ = {isa = PBXFileReference; fileEncoding = 4; lastKnownFileType = sourcecode.c.h; name = STSHeroRotationScene.h; path = Tutorial/STSHeroRotationScene.h; sourceTree = "<group>"; };
		D1B88B4B193D8B2900361365 /* STSHeroRotationScene.m */ = {isa = PBXFileReference; fileEncoding = 4; lastKnownFileType = sourcecode.c.objc; name = STSHeroRotationScene.m; path = Tutorial/STSHeroRotationScene.m; sourceTree = "<group>"; };
		D1B88B4D193D8B6E00361365 /* STSTransitionToShieldScene.h */ = {isa = PBXFileReference; fileEncoding = 4; lastKnownFileType = sourcecode.c.h; name = STSTransitionToShieldScene.h; path = Tutorial/STSTransitionToShieldScene.h; sourceTree = "<group>"; };
		D1B88B4E193D8B6E00361365 /* STSTransitionToShieldScene.m */ = {isa = PBXFileReference; fileEncoding = 4; lastKnownFileType = sourcecode.c.objc; name = STSTransitionToShieldScene.m; path = Tutorial/STSTransitionToShieldScene.m; sourceTree = "<group>"; };
		D1B88B50193D8B8500361365 /* STSObtainShieldScene.h */ = {isa = PBXFileReference; fileEncoding = 4; lastKnownFileType = sourcecode.c.h; name = STSObtainShieldScene.h; path = Tutorial/STSObtainShieldScene.h; sourceTree = "<group>"; };
		D1B88B51193D8B8500361365 /* STSObtainShieldScene.m */ = {isa = PBXFileReference; fileEncoding = 4; lastKnownFileType = sourcecode.c.objc; name = STSObtainShieldScene.m; path = Tutorial/STSObtainShieldScene.m; sourceTree = "<group>"; };
		D1B88B53193D8BD300361365 /* STSTransitionToEndlessGameScene.h */ = {isa = PBXFileReference; fileEncoding = 4; lastKnownFileType = sourcecode.c.h; name = STSTransitionToEndlessGameScene.h; path = Tutorial/STSTransitionToEndlessGameScene.h; sourceTree = "<group>"; };
		D1B88B54193D8BD300361365 /* STSTransitionToEndlessGameScene.m */ = {isa = PBXFileReference; fileEncoding = 4; lastKnownFileType = sourcecode.c.objc; name = STSTransitionToEndlessGameScene.m; path = Tutorial/STSTransitionToEndlessGameScene.m; sourceTree = "<group>"; };
		D1EA2C5A1939406600175FA6 /* Pause_Button@2x.png */ = {isa = PBXFileReference; lastKnownFileType = image.png; path = "Pause_Button@2x.png"; sourceTree = "<group>"; };
		D1FFABF51937265F004A2485 /* Play_Button@2x.png */ = {isa = PBXFileReference; lastKnownFileType = image.png; path = "Play_Button@2x.png"; sourceTree = "<group>"; };
		EBA1C0F9193B9D5900BA1572 /* Ozone_Title@2x.png */ = {isa = PBXFileReference; lastKnownFileType = image.png; path = "Ozone_Title@2x.png"; sourceTree = "<group>"; };
		EBA1C0FB193BB1D400BA1572 /* Ozone_Title_Hero_Shadow@2x.png */ = {isa = PBXFileReference; lastKnownFileType = image.png; path = "Ozone_Title_Hero_Shadow@2x.png"; sourceTree = "<group>"; };
		EBA1C0FF193BB20D00BA1572 /* Ozone_Title_Hero@2x.png */ = {isa = PBXFileReference; lastKnownFileType = image.png; path = "Ozone_Title_Hero@2x.png"; sourceTree = "<group>"; };
		EBA1C101193C0F0000BA1572 /* Company_Info@2x.png */ = {isa = PBXFileReference; lastKnownFileType = image.png; path = "Company_Info@2x.png"; sourceTree = "<group>"; };
		EBA1C102193C0F0000BA1572 /* Options_Button@2x.png */ = {isa = PBXFileReference; lastKnownFileType = image.png; path = "Options_Button@2x.png"; sourceTree = "<group>"; };
		EBA1C105193C114700BA1572 /* Ozone_Layer@2x.png */ = {isa = PBXFileReference; lastKnownFileType = image.png; path = "Ozone_Layer@2x.png"; sourceTree = "<group>"; };
		EBBCEDE31935B6A600F257D2 /* Ozone!.app */ = {isa = PBXFileReference; explicitFileType = wrapper.application; includeInIndex = 0; path = "Ozone!.app"; sourceTree = BUILT_PRODUCTS_DIR; };
		EBBCEDE61935B6A600F257D2 /* Foundation.framework */ = {isa = PBXFileReference; lastKnownFileType = wrapper.framework; name = Foundation.framework; path = System/Library/Frameworks/Foundation.framework; sourceTree = SDKROOT; };
		EBBCEDE81935B6A600F257D2 /* CoreGraphics.framework */ = {isa = PBXFileReference; lastKnownFileType = wrapper.framework; name = CoreGraphics.framework; path = System/Library/Frameworks/CoreGraphics.framework; sourceTree = SDKROOT; };
		EBBCEDEA1935B6A600F257D2 /* UIKit.framework */ = {isa = PBXFileReference; lastKnownFileType = wrapper.framework; name = UIKit.framework; path = System/Library/Frameworks/UIKit.framework; sourceTree = SDKROOT; };
		EBBCEDEC1935B6A600F257D2 /* SpriteKit.framework */ = {isa = PBXFileReference; lastKnownFileType = wrapper.framework; name = SpriteKit.framework; path = System/Library/Frameworks/SpriteKit.framework; sourceTree = SDKROOT; };
		EBBCEDF01935B6A600F257D2 /* Ozone!-Info.plist */ = {isa = PBXFileReference; lastKnownFileType = text.plist.xml; path = "Ozone!-Info.plist"; sourceTree = "<group>"; };
		EBBCEDF21935B6A600F257D2 /* en */ = {isa = PBXFileReference; lastKnownFileType = text.plist.strings; name = en; path = en.lproj/InfoPlist.strings; sourceTree = "<group>"; };
		EBBCEDF41935B6A600F257D2 /* main.m */ = {isa = PBXFileReference; lastKnownFileType = sourcecode.c.objc; path = main.m; sourceTree = "<group>"; };
		EBBCEDF61935B6A600F257D2 /* Ozone!-Prefix.pch */ = {isa = PBXFileReference; lastKnownFileType = sourcecode.c.h; path = "Ozone!-Prefix.pch"; sourceTree = "<group>"; };
		EBBCEDF71935B6A600F257D2 /* STSAppDelegate.h */ = {isa = PBXFileReference; lastKnownFileType = sourcecode.c.h; path = STSAppDelegate.h; sourceTree = "<group>"; };
		EBBCEDF81935B6A600F257D2 /* STSAppDelegate.m */ = {isa = PBXFileReference; lastKnownFileType = sourcecode.c.objc; path = STSAppDelegate.m; sourceTree = "<group>"; };
		EBBCEDFB1935B6A600F257D2 /* Base */ = {isa = PBXFileReference; lastKnownFileType = file.storyboard; name = Base; path = Base.lproj/Main.storyboard; sourceTree = "<group>"; };
		EBBCEDFD1935B6A600F257D2 /* STSViewController.h */ = {isa = PBXFileReference; lastKnownFileType = sourcecode.c.h; path = STSViewController.h; sourceTree = "<group>"; };
		EBBCEDFE1935B6A600F257D2 /* STSViewController.m */ = {isa = PBXFileReference; lastKnownFileType = sourcecode.c.objc; path = STSViewController.m; sourceTree = "<group>"; };
		EBBCEE051935B6A600F257D2 /* Images.xcassets */ = {isa = PBXFileReference; lastKnownFileType = folder.assetcatalog; path = Images.xcassets; sourceTree = "<group>"; };
		EBBCEE0B1935B6A600F257D2 /* Ozone!Tests.xctest */ = {isa = PBXFileReference; explicitFileType = wrapper.cfbundle; includeInIndex = 0; path = "Ozone!Tests.xctest"; sourceTree = BUILT_PRODUCTS_DIR; };
		EBBCEE0C1935B6A600F257D2 /* XCTest.framework */ = {isa = PBXFileReference; lastKnownFileType = wrapper.framework; name = XCTest.framework; path = Library/Frameworks/XCTest.framework; sourceTree = DEVELOPER_DIR; };
		EBBCEE141935B6A600F257D2 /* Ozone!Tests-Info.plist */ = {isa = PBXFileReference; lastKnownFileType = text.plist.xml; path = "Ozone!Tests-Info.plist"; sourceTree = "<group>"; };
		EBBCEE161935B6A600F257D2 /* en */ = {isa = PBXFileReference; lastKnownFileType = text.plist.strings; name = en; path = en.lproj/InfoPlist.strings; sourceTree = "<group>"; };
		EBBCEE181935B6A700F257D2 /* CircleSecondIterationTests.m */ = {isa = PBXFileReference; lastKnownFileType = sourcecode.c.objc; path = CircleSecondIterationTests.m; sourceTree = "<group>"; };
		EBBCEE231935BA4400F257D2 /* STSWelcomeScene.h */ = {isa = PBXFileReference; fileEncoding = 4; lastKnownFileType = sourcecode.c.h; path = STSWelcomeScene.h; sourceTree = "<group>"; };
		EBBCEE241935BA4400F257D2 /* STSWelcomeScene.m */ = {isa = PBXFileReference; fileEncoding = 4; lastKnownFileType = sourcecode.c.objc; path = STSWelcomeScene.m; sourceTree = "<group>"; };
		EBBCEE271935BA6800F257D2 /* STSEndlessGameScene.h */ = {isa = PBXFileReference; fileEncoding = 4; lastKnownFileType = sourcecode.c.h; path = STSEndlessGameScene.h; sourceTree = "<group>"; };
		EBBCEE2A1935BA7900F257D2 /* STSCharacter.h */ = {isa = PBXFileReference; fileEncoding = 4; lastKnownFileType = sourcecode.c.h; path = STSCharacter.h; sourceTree = "<group>"; };
		EBBCEE2B1935BA7900F257D2 /* STSCharacter.m */ = {isa = PBXFileReference; fileEncoding = 4; lastKnownFileType = sourcecode.c.objc; path = STSCharacter.m; sourceTree = "<group>"; };
		EBBCEE2D1935BA8700F257D2 /* STSHero.h */ = {isa = PBXFileReference; fileEncoding = 4; lastKnownFileType = sourcecode.c.h; path = STSHero.h; sourceTree = "<group>"; };
		EBBCEE2E1935BA8700F257D2 /* STSHero.m */ = {isa = PBXFileReference; fileEncoding = 4; lastKnownFileType = sourcecode.c.objc; path = STSHero.m; sourceTree = "<group>"; };
		EBBCEE301935BAA200F257D2 /* STSVillain.h */ = {isa = PBXFileReference; fileEncoding = 4; lastKnownFileType = sourcecode.c.h; path = STSVillain.h; sourceTree = "<group>"; };
		EBBCEE311935BAA200F257D2 /* STSVillain.m */ = {isa = PBXFileReference; fileEncoding = 4; lastKnownFileType = sourcecode.c.objc; path = STSVillain.m; sourceTree = "<group>"; };
		EBBCEE331935BAAE00F257D2 /* STSShield.h */ = {isa = PBXFileReference; fileEncoding = 4; lastKnownFileType = sourcecode.c.h; path = STSShield.h; sourceTree = "<group>"; };
		EBBCEE341935BAAE00F257D2 /* STSShield.m */ = {isa = PBXFileReference; fileEncoding = 4; lastKnownFileType = sourcecode.c.objc; path = STSShield.m; sourceTree = "<group>"; };
		EBBCEE3B1935C12F00F257D2 /* Shield_Default.atlas */ = {isa = PBXFileReference; lastKnownFileType = folder.skatlas; path = Shield_Default.atlas; sourceTree = "<group>"; };
		EBBCEE3D1935C12F00F257D2 /* Villain_Default.atlas */ = {isa = PBXFileReference; lastKnownFileType = folder.skatlas; path = Villain_Default.atlas; sourceTree = "<group>"; };
		EBC643F4193C7980005F57D5 /* STSPauseScene.h */ = {isa = PBXFileReference; fileEncoding = 4; lastKnownFileType = sourcecode.c.h; path = STSPauseScene.h; sourceTree = "<group>"; };
		EBC643F5193C7980005F57D5 /* STSPauseScene.m */ = {isa = PBXFileReference; fileEncoding = 4; lastKnownFileType = sourcecode.c.objc; path = STSPauseScene.m; sourceTree = "<group>"; };
		EBC643F8193D0A56005F57D5 /* Menu@2x.png */ = {isa = PBXFileReference; lastKnownFileType = image.png; path = "Menu@2x.png"; sourceTree = "<group>"; };
		EBC643F9193D0A56005F57D5 /* Resume@2x.png */ = {isa = PBXFileReference; lastKnownFileType = image.png; path = "Resume@2x.png"; sourceTree = "<group>"; };
		EBC643FA193D0A56005F57D5 /* Settings@2x.png */ = {isa = PBXFileReference; lastKnownFileType = image.png; path = "Settings@2x.png"; sourceTree = "<group>"; };
		EBC64400193D31A5005F57D5 /* Credits@2x.png */ = {isa = PBXFileReference; lastKnownFileType = image.png; path = "Credits@2x.png"; sourceTree = "<group>"; };
		EBC64401193D31A5005F57D5 /* Divider@2x.png */ = {isa = PBXFileReference; lastKnownFileType = image.png; path = "Divider@2x.png"; sourceTree = "<group>"; };
		EBC64402193D31A5005F57D5 /* Music@2x.png */ = {isa = PBXFileReference; lastKnownFileType = image.png; path = "Music@2x.png"; sourceTree = "<group>"; };
		EBC64403193D31A5005F57D5 /* Nickname@2x.png */ = {isa = PBXFileReference; lastKnownFileType = image.png; path = "Nickname@2x.png"; sourceTree = "<group>"; };
		EBC64404193D31A5005F57D5 /* Settings_Title@2x.png */ = {isa = PBXFileReference; lastKnownFileType = image.png; path = "Settings_Title@2x.png"; sourceTree = "<group>"; };
		EBC6440B193D3EA1005F57D5 /* Save_Button@2x.png */ = {isa = PBXFileReference; lastKnownFileType = image.png; path = "Save_Button@2x.png"; sourceTree = "<group>"; };
		EBC6440D193D4699005F57D5 /* Retry_Button@2x.png */ = {isa = PBXFileReference; lastKnownFileType = image.png; path = "Retry_Button@2x.png"; sourceTree = "<group>"; };
		EBC6440F193D7306005F57D5 /* Hero_Default.atlas */ = {isa = PBXFileReference; lastKnownFileType = folder.skatlas; path = Hero_Default.atlas; sourceTree = "<group>"; };
		EBC64415193EA295005F57D5 /* GameOverSymbols.atlas */ = {isa = PBXFileReference; lastKnownFileType = folder.skatlas; path = GameOverSymbols.atlas; sourceTree = "<group>"; };
		EBC64418193EA66B005F57D5 /* Crashlytics.framework */ = {isa = PBXFileReference; lastKnownFileType = wrapper.framework; path = Crashlytics.framework; sourceTree = "<group>"; };
/* End PBXFileReference section */

/* Begin PBXFrameworksBuildPhase section */
		EBBCEDE01935B6A600F257D2 /* Frameworks */ = {
			isa = PBXFrameworksBuildPhase;
			buildActionMask = 2147483647;
			files = (
				EBBCEDE91935B6A600F257D2 /* CoreGraphics.framework in Frameworks */,
				EBC64419193EA66B005F57D5 /* Crashlytics.framework in Frameworks */,
				EBBCEDEB1935B6A600F257D2 /* UIKit.framework in Frameworks */,
				EBBCEDED1935B6A600F257D2 /* SpriteKit.framework in Frameworks */,
				EBBCEDE71935B6A600F257D2 /* Foundation.framework in Frameworks */,
			);
			runOnlyForDeploymentPostprocessing = 0;
		};
		EBBCEE081935B6A600F257D2 /* Frameworks */ = {
			isa = PBXFrameworksBuildPhase;
			buildActionMask = 2147483647;
			files = (
				EBBCEE0D1935B6A600F257D2 /* XCTest.framework in Frameworks */,
				EBBCEE0F1935B6A600F257D2 /* UIKit.framework in Frameworks */,
				EBBCEE0E1935B6A600F257D2 /* Foundation.framework in Frameworks */,
			);
			runOnlyForDeploymentPostprocessing = 0;
		};
/* End PBXFrameworksBuildPhase section */

/* Begin PBXGroup section */
		C4BE5AC819392D0C007B7D28 /* Sounds */ = {
			isa = PBXGroup;
			children = (
				C4BE5AC919392D0C007B7D28 /* Beep.caf */,
				C4BE5ACA19392D0C007B7D28 /* herobeep.caf */,
				C4BE5ACB19392D0C007B7D28 /* welcome.caf */,
			);
			path = Sounds;
			sourceTree = "<group>";
		};
		D1B88B49193D8AEE00361365 /* Tutorial */ = {
			isa = PBXGroup;
			children = (
				D1B88B4A193D8B2900361365 /* STSHeroRotationScene.h */,
				D1B88B4B193D8B2900361365 /* STSHeroRotationScene.m */,
				D1B88B4D193D8B6E00361365 /* STSTransitionToShieldScene.h */,
				D1B88B4E193D8B6E00361365 /* STSTransitionToShieldScene.m */,
				D1B88B50193D8B8500361365 /* STSObtainShieldScene.h */,
				D1B88B51193D8B8500361365 /* STSObtainShieldScene.m */,
				D1B88B53193D8BD300361365 /* STSTransitionToEndlessGameScene.h */,
				D1B88B54193D8BD300361365 /* STSTransitionToEndlessGameScene.m */,
			);
			name = Tutorial;
			sourceTree = "<group>";
		};
		D1EA2C591939406600175FA6 /* GameScreenButtons */ = {
			isa = PBXGroup;
			children = (
				EBC6440D193D4699005F57D5 /* Retry_Button@2x.png */,
				D1EA2C5A1939406600175FA6 /* Pause_Button@2x.png */,
			);
			path = GameScreenButtons;
			sourceTree = "<group>";
		};
		D1FFABF41937265F004A2485 /* WelcomeScreen */ = {
			isa = PBXGroup;
			children = (
				EBA1C105193C114700BA1572 /* Ozone_Layer@2x.png */,
				EBA1C101193C0F0000BA1572 /* Company_Info@2x.png */,
				EBA1C102193C0F0000BA1572 /* Options_Button@2x.png */,
				EBA1C0FB193BB1D400BA1572 /* Ozone_Title_Hero_Shadow@2x.png */,
				EBA1C0FF193BB20D00BA1572 /* Ozone_Title_Hero@2x.png */,
				EBA1C0F9193B9D5900BA1572 /* Ozone_Title@2x.png */,
				D1FFABF51937265F004A2485 /* Play_Button@2x.png */,
			);
			path = WelcomeScreen;
			sourceTree = "<group>";
		};
		EBA1C0F21938F9DD00BA1572 /* GameOver */ = {
			isa = PBXGroup;
			children = (
				EBC64415193EA295005F57D5 /* GameOverSymbols.atlas */,
			);
			path = GameOver;
			sourceTree = "<group>";
		};
		EBBCEDDA1935B6A600F257D2 = {
			isa = PBXGroup;
			children = (
				EBBCEDEE1935B6A600F257D2 /* Ozone */,
				EBBCEE361935C12F00F257D2 /* Assets */,
				EBBCEE121935B6A600F257D2 /* OzoneTests */,
				EBBCEDE51935B6A600F257D2 /* Frameworks */,
				EBBCEDE41935B6A600F257D2 /* Products */,
			);
			sourceTree = "<group>";
		};
		EBBCEDE41935B6A600F257D2 /* Products */ = {
			isa = PBXGroup;
			children = (
				EBBCEDE31935B6A600F257D2 /* Ozone!.app */,
				EBBCEE0B1935B6A600F257D2 /* Ozone!Tests.xctest */,
			);
			name = Products;
			sourceTree = "<group>";
		};
		EBBCEDE51935B6A600F257D2 /* Frameworks */ = {
			isa = PBXGroup;
			children = (
				EBC64418193EA66B005F57D5 /* Crashlytics.framework */,
				EBBCEDE61935B6A600F257D2 /* Foundation.framework */,
				EBBCEDE81935B6A600F257D2 /* CoreGraphics.framework */,
				EBBCEDEA1935B6A600F257D2 /* UIKit.framework */,
				EBBCEDEC1935B6A600F257D2 /* SpriteKit.framework */,
				EBBCEE0C1935B6A600F257D2 /* XCTest.framework */,
			);
			name = Frameworks;
			sourceTree = "<group>";
		};
		EBBCEDEE1935B6A600F257D2 /* Ozone */ = {
			isa = PBXGroup;
			children = (
				EBBCEDF71935B6A600F257D2 /* STSAppDelegate.h */,
				EBBCEDF81935B6A600F257D2 /* STSAppDelegate.m */,
				EBBCEDFA1935B6A600F257D2 /* Main.storyboard */,
				EBBCEDFD1935B6A600F257D2 /* STSViewController.h */,
				EBBCEDFE1935B6A600F257D2 /* STSViewController.m */,
				EBBCEE221935BA4400F257D2 /* Scenes */,
				EBBCEE261935BA4F00F257D2 /* Sprites */,
				EBBCEE051935B6A600F257D2 /* Images.xcassets */,
				EBBCEDEF1935B6A600F257D2 /* Supporting Files */,
			);
			name = Ozone;
			path = CircleSecondIteration;
			sourceTree = "<group>";
		};
		EBBCEDEF1935B6A600F257D2 /* Supporting Files */ = {
			isa = PBXGroup;
			children = (
				EBBCEDF01935B6A600F257D2 /* Ozone!-Info.plist */,
				EBBCEDF11935B6A600F257D2 /* InfoPlist.strings */,
				EBBCEDF41935B6A600F257D2 /* main.m */,
				EBBCEDF61935B6A600F257D2 /* Ozone!-Prefix.pch */,
			);
			name = "Supporting Files";
			sourceTree = "<group>";
		};
		EBBCEE121935B6A600F257D2 /* OzoneTests */ = {
			isa = PBXGroup;
			children = (
				EBBCEE181935B6A700F257D2 /* CircleSecondIterationTests.m */,
				EBBCEE131935B6A600F257D2 /* Supporting Files */,
			);
			name = OzoneTests;
			path = CircleSecondIterationTests;
			sourceTree = "<group>";
		};
		EBBCEE131935B6A600F257D2 /* Supporting Files */ = {
			isa = PBXGroup;
			children = (
				EBBCEE141935B6A600F257D2 /* Ozone!Tests-Info.plist */,
				EBBCEE151935B6A600F257D2 /* InfoPlist.strings */,
			);
			name = "Supporting Files";
			sourceTree = "<group>";
		};
		EBBCEE221935BA4400F257D2 /* Scenes */ = {
			isa = PBXGroup;
			children = (
				EBBCEE231935BA4400F257D2 /* STSWelcomeScene.h */,
				EBBCEE241935BA4400F257D2 /* STSWelcomeScene.m */,
				EBBCEE271935BA6800F257D2 /* STSEndlessGameScene.h */,
				C4BE5AAD19392693007B7D28 /* STSEndlessGameScene.m */,
				C4BE5ACF19392FA7007B7D28 /* STSOptionsScene.h */,
				C4BE5AD019392FA7007B7D28 /* STSOptionsScene.m */,
				D1B1B2AB193C358D00F43BE5 /* STSInformationScene.h */,
				D1B1B2AC193C358D00F43BE5 /* STSInformationScene.m */,
				C4A4BD7619366729006E4C2E /* STSGameOverScene.h */,
				C4A4BD7719366729006E4C2E /* STSGameOverScene.m */,
				EBC643F4193C7980005F57D5 /* STSPauseScene.h */,
				EBC643F5193C7980005F57D5 /* STSPauseScene.m */,
				D1B88B49193D8AEE00361365 /* Tutorial */,
			);
			path = Scenes;
			sourceTree = "<group>";
		};
		EBBCEE261935BA4F00F257D2 /* Sprites */ = {
			isa = PBXGroup;
			children = (
				EBBCEE2A1935BA7900F257D2 /* STSCharacter.h */,
				EBBCEE2B1935BA7900F257D2 /* STSCharacter.m */,
				EBBCEE2D1935BA8700F257D2 /* STSHero.h */,
				EBBCEE2E1935BA8700F257D2 /* STSHero.m */,
				EBBCEE301935BAA200F257D2 /* STSVillain.h */,
				EBBCEE311935BAA200F257D2 /* STSVillain.m */,
				EBBCEE331935BAAE00F257D2 /* STSShield.h */,
				EBBCEE341935BAAE00F257D2 /* STSShield.m */,
			);
			path = Sprites;
			sourceTree = "<group>";
		};
		EBBCEE361935C12F00F257D2 /* Assets */ = {
			isa = PBXGroup;
			children = (
				C4BE5AC819392D0C007B7D28 /* Sounds */,
				EBBCEE371935C12F00F257D2 /* Texture Atlases */,
			);
			path = Assets;
			sourceTree = "<group>";
		};
		EBBCEE371935C12F00F257D2 /* Texture Atlases */ = {
			isa = PBXGroup;
			children = (
				EBC643FE193D31A5005F57D5 /* OptionsScene */,
				EBC643F7193D0A56005F57D5 /* PauseScene */,
				D1EA2C591939406600175FA6 /* GameScreenButtons */,
				EBA1C0F21938F9DD00BA1572 /* GameOver */,
				D1FFABF41937265F004A2485 /* WelcomeScreen */,
				EBBCEE381935C12F00F257D2 /* Hero */,
				EBBCEE3A1935C12F00F257D2 /* Shield */,
				EBBCEE3C1935C12F00F257D2 /* Villain */,
			);
			path = "Texture Atlases";
			sourceTree = "<group>";
		};
		EBBCEE381935C12F00F257D2 /* Hero */ = {
			isa = PBXGroup;
			children = (
				EBC6440F193D7306005F57D5 /* Hero_Default.atlas */,
			);
			path = Hero;
			sourceTree = "<group>";
		};
		EBBCEE3A1935C12F00F257D2 /* Shield */ = {
			isa = PBXGroup;
			children = (
				EBBCEE3B1935C12F00F257D2 /* Shield_Default.atlas */,
			);
			path = Shield;
			sourceTree = "<group>";
		};
		EBBCEE3C1935C12F00F257D2 /* Villain */ = {
			isa = PBXGroup;
			children = (
				EBBCEE3D1935C12F00F257D2 /* Villain_Default.atlas */,
			);
			path = Villain;
			sourceTree = "<group>";
		};
		EBC643F7193D0A56005F57D5 /* PauseScene */ = {
			isa = PBXGroup;
			children = (
				EBC643F8193D0A56005F57D5 /* Menu@2x.png */,
				EBC643F9193D0A56005F57D5 /* Resume@2x.png */,
				EBC643FA193D0A56005F57D5 /* Settings@2x.png */,
			);
			path = PauseScene;
			sourceTree = "<group>";
		};
		EBC643FE193D31A5005F57D5 /* OptionsScene */ = {
			isa = PBXGroup;
			children = (
				EBC6440B193D3EA1005F57D5 /* Save_Button@2x.png */,
				EBC64400193D31A5005F57D5 /* Credits@2x.png */,
				EBC64401193D31A5005F57D5 /* Divider@2x.png */,
				EBC64402193D31A5005F57D5 /* Music@2x.png */,
				EBC64403193D31A5005F57D5 /* Nickname@2x.png */,
				EBC64404193D31A5005F57D5 /* Settings_Title@2x.png */,
			);
			path = OptionsScene;
			sourceTree = "<group>";
		};
/* End PBXGroup section */

/* Begin PBXNativeTarget section */
		EBBCEDE21935B6A600F257D2 /* Ozone! */ = {
			isa = PBXNativeTarget;
			buildConfigurationList = EBBCEE1C1935B6A700F257D2 /* Build configuration list for PBXNativeTarget "Ozone!" */;
			buildPhases = (
				EBBCEDDF1935B6A600F257D2 /* Sources */,
				EBBCEDE01935B6A600F257D2 /* Frameworks */,
				EBBCEDE11935B6A600F257D2 /* Resources */,
				EBC64417193EA5CF005F57D5 /* ShellScript */,
			);
			buildRules = (
			);
			dependencies = (
			);
			name = "Ozone!";
			productName = CircleSecondIteration;
			productReference = EBBCEDE31935B6A600F257D2 /* Ozone!.app */;
			productType = "com.apple.product-type.application";
		};
		EBBCEE0A1935B6A600F257D2 /* Ozone!Tests */ = {
			isa = PBXNativeTarget;
			buildConfigurationList = EBBCEE1F1935B6A700F257D2 /* Build configuration list for PBXNativeTarget "Ozone!Tests" */;
			buildPhases = (
				EBBCEE071935B6A600F257D2 /* Sources */,
				EBBCEE081935B6A600F257D2 /* Frameworks */,
				EBBCEE091935B6A600F257D2 /* Resources */,
			);
			buildRules = (
			);
			dependencies = (
				EBBCEE111935B6A600F257D2 /* PBXTargetDependency */,
			);
			name = "Ozone!Tests";
			productName = CircleSecondIterationTests;
			productReference = EBBCEE0B1935B6A600F257D2 /* Ozone!Tests.xctest */;
			productType = "com.apple.product-type.bundle.unit-test";
		};
/* End PBXNativeTarget section */

/* Begin PBXProject section */
		EBBCEDDB1935B6A600F257D2 /* Project object */ = {
			isa = PBXProject;
			attributes = {
				CLASSPREFIX = STS;
				LastUpgradeCheck = 0510;
				ORGANIZATIONNAME = "SummaTime Studio";
				TargetAttributes = {
					EBBCEE0A1935B6A600F257D2 = {
						TestTargetID = EBBCEDE21935B6A600F257D2;
					};
				};
			};
			buildConfigurationList = EBBCEDDE1935B6A600F257D2 /* Build configuration list for PBXProject "Ozone!" */;
			compatibilityVersion = "Xcode 3.2";
			developmentRegion = English;
			hasScannedForEncodings = 0;
			knownRegions = (
				en,
				Base,
			);
			mainGroup = EBBCEDDA1935B6A600F257D2;
			productRefGroup = EBBCEDE41935B6A600F257D2 /* Products */;
			projectDirPath = "";
			projectRoot = "";
			targets = (
				EBBCEDE21935B6A600F257D2 /* Ozone! */,
				EBBCEE0A1935B6A600F257D2 /* Ozone!Tests */,
			);
		};
/* End PBXProject section */

/* Begin PBXResourcesBuildPhase section */
		EBBCEDE11935B6A600F257D2 /* Resources */ = {
			isa = PBXResourcesBuildPhase;
			buildActionMask = 2147483647;
			files = (
				EBBCEDF31935B6A600F257D2 /* InfoPlist.strings in Resources */,
				EBA1C0FD193BB1D400BA1572 /* Ozone_Title_Hero_Shadow@2x.png in Resources */,
				EBA1C103193C0F0000BA1572 /* Company_Info@2x.png in Resources */,
				EBC64410193D7306005F57D5 /* Hero_Default.atlas in Resources */,
				C4BE5ACD19392D0C007B7D28 /* herobeep.caf in Resources */,
				C4BE5ACE19392D0C007B7D28 /* welcome.caf in Resources */,
				EBBCEE061935B6A600F257D2 /* Images.xcassets in Resources */,
				EBC64406193D31A5005F57D5 /* Credits@2x.png in Resources */,
				EBC6440C193D3EA1005F57D5 /* Save_Button@2x.png in Resources */,
				EBA1C0FA193B9D5900BA1572 /* Ozone_Title@2x.png in Resources */,
				EBC643FC193D0A56005F57D5 /* Resume@2x.png in Resources */,
				EBC64407193D31A5005F57D5 /* Divider@2x.png in Resources */,
				EBBCEE3F1935C12F00F257D2 /* Shield_Default.atlas in Resources */,
				EBC643FB193D0A56005F57D5 /* Menu@2x.png in Resources */,
				EBC6440E193D4699005F57D5 /* Retry_Button@2x.png in Resources */,
				EBC64408193D31A5005F57D5 /* Music@2x.png in Resources */,
				EBC6440A193D31A5005F57D5 /* Settings_Title@2x.png in Resources */,
				EBC643FD193D0A56005F57D5 /* Settings@2x.png in Resources */,
				C4BE5ACC19392D0C007B7D28 /* Beep.caf in Resources */,
				D1EA2C5B1939406600175FA6 /* Pause_Button@2x.png in Resources */,
				EBBCEE401935C12F00F257D2 /* Villain_Default.atlas in Resources */,
				D1FFABF71937265F004A2485 /* Play_Button@2x.png in Resources */,
				EBA1C106193C114700BA1572 /* Ozone_Layer@2x.png in Resources */,
				EBC64416193EA295005F57D5 /* GameOverSymbols.atlas in Resources */,
				EBC64409193D31A5005F57D5 /* Nickname@2x.png in Resources */,
				EBA1C100193BB20D00BA1572 /* Ozone_Title_Hero@2x.png in Resources */,
				EBA1C104193C0F0000BA1572 /* Options_Button@2x.png in Resources */,
				EBBCEDFC1935B6A600F257D2 /* Main.storyboard in Resources */,
			);
			runOnlyForDeploymentPostprocessing = 0;
		};
		EBBCEE091935B6A600F257D2 /* Resources */ = {
			isa = PBXResourcesBuildPhase;
			buildActionMask = 2147483647;
			files = (
				EBBCEE171935B6A600F257D2 /* InfoPlist.strings in Resources */,
			);
			runOnlyForDeploymentPostprocessing = 0;
		};
/* End PBXResourcesBuildPhase section */

/* Begin PBXShellScriptBuildPhase section */
		EBC64417193EA5CF005F57D5 /* ShellScript */ = {
			isa = PBXShellScriptBuildPhase;
			buildActionMask = 2147483647;
			files = (
			);
			inputPaths = (
			);
			outputPaths = (
			);
			runOnlyForDeploymentPostprocessing = 0;
			shellPath = /bin/sh;
			shellScript = "./Crashlytics.framework/run 15cff1e39186231362a287dbc7407a93ea1631de 05f3cf69c0bc5048bf8b595df8aee42c57623537e8385fdf53b527c88584ac8a";
		};
/* End PBXShellScriptBuildPhase section */

/* Begin PBXSourcesBuildPhase section */
		EBBCEDDF1935B6A600F257D2 /* Sources */ = {
			isa = PBXSourcesBuildPhase;
			buildActionMask = 2147483647;
			files = (
				D1B88B4F193D8B6E00361365 /* STSTransitionToShieldScene.m in Sources */,
				EBC643F6193C7980005F57D5 /* STSPauseScene.m in Sources */,
				EBBCEE351935BAAE00F257D2 /* STSShield.m in Sources */,
				EBBCEE321935BAA200F257D2 /* STSVillain.m in Sources */,
				D1B1B2AD193C358D00F43BE5 /* STSInformationScene.m in Sources */,
				EBBCEE251935BA4400F257D2 /* STSWelcomeScene.m in Sources */,
				EBBCEDF51935B6A600F257D2 /* main.m in Sources */,
				EBBCEDF91935B6A600F257D2 /* STSAppDelegate.m in Sources */,
				D1B88B55193D8BD300361365 /* STSTransitionToEndlessGameScene.m in Sources */,
				D1B88B4C193D8B2900361365 /* STSHeroRotationScene.m in Sources */,
				C4A4BD7819366729006E4C2E /* STSGameOverScene.m in Sources */,
				EBBCEE2F1935BA8700F257D2 /* STSHero.m in Sources */,
				EBBCEE2C1935BA7900F257D2 /* STSCharacter.m in Sources */,
				C4BE5AD119392FA7007B7D28 /* STSOptionsScene.m in Sources */,
				C4BE5AAE19392693007B7D28 /* STSEndlessGameScene.m in Sources */,
				EBBCEDFF1935B6A600F257D2 /* STSViewController.m in Sources */,
				D1B88B52193D8B8500361365 /* STSObtainShieldScene.m in Sources */,
			);
			runOnlyForDeploymentPostprocessing = 0;
		};
		EBBCEE071935B6A600F257D2 /* Sources */ = {
			isa = PBXSourcesBuildPhase;
			buildActionMask = 2147483647;
			files = (
				EBBCEE191935B6A700F257D2 /* CircleSecondIterationTests.m in Sources */,
			);
			runOnlyForDeploymentPostprocessing = 0;
		};
/* End PBXSourcesBuildPhase section */

/* Begin PBXTargetDependency section */
		EBBCEE111935B6A600F257D2 /* PBXTargetDependency */ = {
			isa = PBXTargetDependency;
			target = EBBCEDE21935B6A600F257D2 /* Ozone! */;
			targetProxy = EBBCEE101935B6A600F257D2 /* PBXContainerItemProxy */;
		};
/* End PBXTargetDependency section */

/* Begin PBXVariantGroup section */
		EBBCEDF11935B6A600F257D2 /* InfoPlist.strings */ = {
			isa = PBXVariantGroup;
			children = (
				EBBCEDF21935B6A600F257D2 /* en */,
			);
			name = InfoPlist.strings;
			sourceTree = "<group>";
		};
		EBBCEDFA1935B6A600F257D2 /* Main.storyboard */ = {
			isa = PBXVariantGroup;
			children = (
				EBBCEDFB1935B6A600F257D2 /* Base */,
			);
			name = Main.storyboard;
			sourceTree = "<group>";
		};
		EBBCEE151935B6A600F257D2 /* InfoPlist.strings */ = {
			isa = PBXVariantGroup;
			children = (
				EBBCEE161935B6A600F257D2 /* en */,
			);
			name = InfoPlist.strings;
			sourceTree = "<group>";
		};
/* End PBXVariantGroup section */

/* Begin XCBuildConfiguration section */
		EBBCEE1A1935B6A700F257D2 /* Debug */ = {
			isa = XCBuildConfiguration;
			buildSettings = {
				ALWAYS_SEARCH_USER_PATHS = NO;
				CLANG_CXX_LANGUAGE_STANDARD = "gnu++0x";
				CLANG_CXX_LIBRARY = "libc++";
				CLANG_ENABLE_MODULES = YES;
				CLANG_ENABLE_OBJC_ARC = YES;
				CLANG_WARN_BOOL_CONVERSION = YES;
				CLANG_WARN_CONSTANT_CONVERSION = YES;
				CLANG_WARN_DIRECT_OBJC_ISA_USAGE = YES_ERROR;
				CLANG_WARN_EMPTY_BODY = YES;
				CLANG_WARN_ENUM_CONVERSION = YES;
				CLANG_WARN_INT_CONVERSION = YES;
				CLANG_WARN_OBJC_ROOT_CLASS = YES_ERROR;
				CLANG_WARN__DUPLICATE_METHOD_MATCH = YES;
				"CODE_SIGN_IDENTITY[sdk=iphoneos*]" = "iPhone Developer";
				COPY_PHASE_STRIP = NO;
				GCC_C_LANGUAGE_STANDARD = gnu99;
				GCC_DYNAMIC_NO_PIC = NO;
				GCC_OPTIMIZATION_LEVEL = 0;
				GCC_PREPROCESSOR_DEFINITIONS = (
					"DEBUG=1",
					"$(inherited)",
				);
				GCC_SYMBOLS_PRIVATE_EXTERN = NO;
				GCC_WARN_64_TO_32_BIT_CONVERSION = YES;
				GCC_WARN_ABOUT_RETURN_TYPE = YES_ERROR;
				GCC_WARN_UNDECLARED_SELECTOR = YES;
				GCC_WARN_UNINITIALIZED_AUTOS = YES_AGGRESSIVE;
				GCC_WARN_UNUSED_FUNCTION = YES;
				GCC_WARN_UNUSED_VARIABLE = YES;
				IPHONEOS_DEPLOYMENT_TARGET = 7.1;
				ONLY_ACTIVE_ARCH = YES;
				SDKROOT = iphoneos;
			};
			name = Debug;
		};
		EBBCEE1B1935B6A700F257D2 /* Release */ = {
			isa = XCBuildConfiguration;
			buildSettings = {
				ALWAYS_SEARCH_USER_PATHS = NO;
				CLANG_CXX_LANGUAGE_STANDARD = "gnu++0x";
				CLANG_CXX_LIBRARY = "libc++";
				CLANG_ENABLE_MODULES = YES;
				CLANG_ENABLE_OBJC_ARC = YES;
				CLANG_WARN_BOOL_CONVERSION = YES;
				CLANG_WARN_CONSTANT_CONVERSION = YES;
				CLANG_WARN_DIRECT_OBJC_ISA_USAGE = YES_ERROR;
				CLANG_WARN_EMPTY_BODY = YES;
				CLANG_WARN_ENUM_CONVERSION = YES;
				CLANG_WARN_INT_CONVERSION = YES;
				CLANG_WARN_OBJC_ROOT_CLASS = YES_ERROR;
				CLANG_WARN__DUPLICATE_METHOD_MATCH = YES;
				"CODE_SIGN_IDENTITY[sdk=iphoneos*]" = "iPhone Developer";
				COPY_PHASE_STRIP = YES;
				ENABLE_NS_ASSERTIONS = NO;
				GCC_C_LANGUAGE_STANDARD = gnu99;
				GCC_WARN_64_TO_32_BIT_CONVERSION = YES;
				GCC_WARN_ABOUT_RETURN_TYPE = YES_ERROR;
				GCC_WARN_UNDECLARED_SELECTOR = YES;
				GCC_WARN_UNINITIALIZED_AUTOS = YES_AGGRESSIVE;
				GCC_WARN_UNUSED_FUNCTION = YES;
				GCC_WARN_UNUSED_VARIABLE = YES;
				IPHONEOS_DEPLOYMENT_TARGET = 7.1;
				SDKROOT = iphoneos;
				VALIDATE_PRODUCT = YES;
			};
			name = Release;
		};
		EBBCEE1D1935B6A700F257D2 /* Debug */ = {
			isa = XCBuildConfiguration;
			buildSettings = {
				ASSETCATALOG_COMPILER_APPICON_NAME = AppIcon;
				ASSETCATALOG_COMPILER_LAUNCHIMAGE_NAME = LaunchImage;
				FRAMEWORK_SEARCH_PATHS = (
					"$(inherited)",
					"$(PROJECT_DIR)",
				);
				GCC_PRECOMPILE_PREFIX_HEADER = YES;
				GCC_PREFIX_HEADER = "CircleSecondIteration/Ozone!-Prefix.pch";
				INFOPLIST_FILE = "CircleSecondIteration/Ozone!-Info.plist";
				PRODUCT_NAME = "Ozone!";
				SPRITEKIT_TEXTURE_ATLAS_OUTPUT = YES;
				WRAPPER_EXTENSION = app;
			};
			name = Debug;
		};
		EBBCEE1E1935B6A700F257D2 /* Release */ = {
			isa = XCBuildConfiguration;
			buildSettings = {
				ASSETCATALOG_COMPILER_APPICON_NAME = AppIcon;
				ASSETCATALOG_COMPILER_LAUNCHIMAGE_NAME = LaunchImage;
				FRAMEWORK_SEARCH_PATHS = (
					"$(inherited)",
					"$(PROJECT_DIR)",
				);
				GCC_PRECOMPILE_PREFIX_HEADER = YES;
				GCC_PREFIX_HEADER = "CircleSecondIteration/Ozone!-Prefix.pch";
				INFOPLIST_FILE = "CircleSecondIteration/Ozone!-Info.plist";
				PRODUCT_NAME = "Ozone!";
				SPRITEKIT_TEXTURE_ATLAS_OUTPUT = YES;
				WRAPPER_EXTENSION = app;
			};
			name = Release;
		};
		EBBCEE201935B6A700F257D2 /* Debug */ = {
			isa = XCBuildConfiguration;
			buildSettings = {
				BUNDLE_LOADER = "$(BUILT_PRODUCTS_DIR)/CircleSecondIteration.app/CircleSecondIteration";
				FRAMEWORK_SEARCH_PATHS = (
					"$(SDKROOT)/Developer/Library/Frameworks",
					"$(inherited)",
					"$(DEVELOPER_FRAMEWORKS_DIR)",
				);
				GCC_PRECOMPILE_PREFIX_HEADER = YES;
				GCC_PREFIX_HEADER = "CircleSecondIteration/CircleSecondIteration-Prefix.pch";
				GCC_PREPROCESSOR_DEFINITIONS = (
					"DEBUG=1",
					"$(inherited)",
				);
				INFOPLIST_FILE = "CircleSecondIterationTests/Ozone!Tests-Info.plist";
				PRODUCT_NAME = "Ozone!Tests";
				TEST_HOST = "$(BUNDLE_LOADER)";
				WRAPPER_EXTENSION = xctest;
			};
			name = Debug;
		};
		EBBCEE211935B6A700F257D2 /* Release */ = {
			isa = XCBuildConfiguration;
			buildSettings = {
				BUNDLE_LOADER = "$(BUILT_PRODUCTS_DIR)/CircleSecondIteration.app/CircleSecondIteration";
				FRAMEWORK_SEARCH_PATHS = (
					"$(SDKROOT)/Developer/Library/Frameworks",
					"$(inherited)",
					"$(DEVELOPER_FRAMEWORKS_DIR)",
				);
				GCC_PRECOMPILE_PREFIX_HEADER = YES;
				GCC_PREFIX_HEADER = "CircleSecondIteration/CircleSecondIteration-Prefix.pch";
				INFOPLIST_FILE = "CircleSecondIterationTests/Ozone!Tests-Info.plist";
				PRODUCT_NAME = "Ozone!Tests";
				TEST_HOST = "$(BUNDLE_LOADER)";
				WRAPPER_EXTENSION = xctest;
			};
			name = Release;
		};
/* End XCBuildConfiguration section */

/* Begin XCConfigurationList section */
		EBBCEDDE1935B6A600F257D2 /* Build configuration list for PBXProject "Ozone!" */ = {
			isa = XCConfigurationList;
			buildConfigurations = (
				EBBCEE1A1935B6A700F257D2 /* Debug */,
				EBBCEE1B1935B6A700F257D2 /* Release */,
			);
			defaultConfigurationIsVisible = 0;
			defaultConfigurationName = Release;
		};
		EBBCEE1C1935B6A700F257D2 /* Build configuration list for PBXNativeTarget "Ozone!" */ = {
			isa = XCConfigurationList;
			buildConfigurations = (
				EBBCEE1D1935B6A700F257D2 /* Debug */,
				EBBCEE1E1935B6A700F257D2 /* Release */,
			);
			defaultConfigurationIsVisible = 0;
			defaultConfigurationName = Release;
		};
		EBBCEE1F1935B6A700F257D2 /* Build configuration list for PBXNativeTarget "Ozone!Tests" */ = {
			isa = XCConfigurationList;
			buildConfigurations = (
				EBBCEE201935B6A700F257D2 /* Debug */,
				EBBCEE211935B6A700F257D2 /* Release */,
			);
			defaultConfigurationIsVisible = 0;
			defaultConfigurationName = Release;
		};
/* End XCConfigurationList section */
	};
	rootObject = EBBCEDDB1935B6A600F257D2 /* Project object */;
}
